
Microsoft Visual Studio Solution File, Format Version 12.00
# Visual Studio Version 17
VisualStudioVersion = 17.8.34330.188
MinimumVisualStudioVersion = 10.0.40219.1
Project("{FAE04EC0-301F-11D3-BF4B-00C04F79EFBC}") = "JsonCompare", "JsonCompare.csproj", "{CD17E7A7-B781-49FF-A660-52016F567F0B}"
EndProject
Global
	GlobalSection(SolutionConfigurationPlatforms) = preSolution
		Debug|Any CPU = Debug|Any CPU
		Release|Any CPU = Release|Any CPU
	EndGlobalSection
	GlobalSection(ProjectConfigurationPlatforms) = postSolution
		{CD17E7A7-B781-49FF-A660-52016F567F0B}.Debug|Any CPU.ActiveCfg = Debug|Any CPU
		{CD17E7A7-B781-49FF-A660-52016F567F0B}.Debug|Any CPU.Build.0 = Debug|Any CPU
		{CD17E7A7-B781-49FF-A660-52016F567F0B}.Release|Any CPU.ActiveCfg = Release|Any CPU
		{CD17E7A7-B781-49FF-A660-52016F567F0B}.Release|Any CPU.Build.0 = Release|Any CPU
	EndGlobalSection
	GlobalSection(SolutionProperties) = preSolution
		HideSolutionNode = FALSE
	EndGlobalSection
	GlobalSection(ExtensibilityGlobals) = postSolution
		SolutionGuid = {AC8ED30B-2736-4A52-9636-6FD5A4ADD9FE}
	EndGlobalSection
EndGlobal
